// !$*UTF8*$!
{
	archiveVersion = 1;
	classes = {
	};
	objectVersion = 50;
	objects = {

/* Begin PBXBuildFile section */
		044825E42428E99B008002AB /* DetailView.swift in Sources */ = {isa = PBXBuildFile; fileRef = 044825E32428E99B008002AB /* DetailView.swift */; };
		044825E62428EC91008002AB /* Environment.swift in Sources */ = {isa = PBXBuildFile; fileRef = 044825E52428EC91008002AB /* Environment.swift */; };
		0484527B2427731A00DBEEC1 /* AmuletConstants.swift in Sources */ = {isa = PBXBuildFile; fileRef = 0484527A2427731A00DBEEC1 /* AmuletConstants.swift */; };
		0484527D2427D40800DBEEC1 /* MainViewModel.swift in Sources */ = {isa = PBXBuildFile; fileRef = 0484527C2427D40800DBEEC1 /* MainViewModel.swift */; };
		048452A02427E19800DBEEC1 /* NeumorphicButtonStyle.swift in Sources */ = {isa = PBXBuildFile; fileRef = 0484529F2427E19800DBEEC1 /* NeumorphicButtonStyle.swift */; };
		04A4B4F62428AA2700AD1660 /* SettingsView.swift in Sources */ = {isa = PBXBuildFile; fileRef = 04A4B4F52428AA2700AD1660 /* SettingsView.swift */; };
		04E320A92427603E008D1104 /* AppDelegate.swift in Sources */ = {isa = PBXBuildFile; fileRef = 04E320A82427603E008D1104 /* AppDelegate.swift */; };
		04E320AB2427603E008D1104 /* SceneDelegate.swift in Sources */ = {isa = PBXBuildFile; fileRef = 04E320AA2427603E008D1104 /* SceneDelegate.swift */; };
		04E320AD2427603E008D1104 /* MainView.swift in Sources */ = {isa = PBXBuildFile; fileRef = 04E320AC2427603E008D1104 /* MainView.swift */; };
		04E320AF24276042008D1104 /* Assets.xcassets in Resources */ = {isa = PBXBuildFile; fileRef = 04E320AE24276042008D1104 /* Assets.xcassets */; };
		04E320B224276042008D1104 /* Preview Assets.xcassets in Resources */ = {isa = PBXBuildFile; fileRef = 04E320B124276042008D1104 /* Preview Assets.xcassets */; };
		04E320B524276042008D1104 /* LaunchScreen.storyboard in Resources */ = {isa = PBXBuildFile; fileRef = 04E320B324276042008D1104 /* LaunchScreen.storyboard */; };
		04E320C024276042008D1104 /* AmuletTests.swift in Sources */ = {isa = PBXBuildFile; fileRef = 04E320BF24276042008D1104 /* AmuletTests.swift */; };
		04E320CB24276042008D1104 /* AmuletUITests.swift in Sources */ = {isa = PBXBuildFile; fileRef = 04E320CA24276042008D1104 /* AmuletUITests.swift */; };
		04E320D024276042008D1104 /* Amulet WatchKit App.app in Embed Watch Content */ = {isa = PBXBuildFile; fileRef = 04E320CF24276042008D1104 /* Amulet WatchKit App.app */; settings = {ATTRIBUTES = (RemoveHeadersOnCopy, ); }; };
		04E320D624276042008D1104 /* Interface.storyboard in Resources */ = {isa = PBXBuildFile; fileRef = 04E320D424276042008D1104 /* Interface.storyboard */; };
		04E320D824276043008D1104 /* Assets.xcassets in Resources */ = {isa = PBXBuildFile; fileRef = 04E320D724276043008D1104 /* Assets.xcassets */; };
		04E320DF24276043008D1104 /* Amulet WatchKit Extension.appex in Embed App Extensions */ = {isa = PBXBuildFile; fileRef = 04E320DE24276043008D1104 /* Amulet WatchKit Extension.appex */; settings = {ATTRIBUTES = (RemoveHeadersOnCopy, ); }; };
		04E320E424276043008D1104 /* ContentView.swift in Sources */ = {isa = PBXBuildFile; fileRef = 04E320E324276043008D1104 /* ContentView.swift */; };
		04E320E624276043008D1104 /* HostingController.swift in Sources */ = {isa = PBXBuildFile; fileRef = 04E320E524276043008D1104 /* HostingController.swift */; };
		04E320E824276043008D1104 /* ExtensionDelegate.swift in Sources */ = {isa = PBXBuildFile; fileRef = 04E320E724276043008D1104 /* ExtensionDelegate.swift */; };
		04E320EA24276043008D1104 /* NotificationController.swift in Sources */ = {isa = PBXBuildFile; fileRef = 04E320E924276043008D1104 /* NotificationController.swift */; };
		04E320EC24276043008D1104 /* NotificationView.swift in Sources */ = {isa = PBXBuildFile; fileRef = 04E320EB24276043008D1104 /* NotificationView.swift */; };
		04E320EE24276043008D1104 /* Assets.xcassets in Resources */ = {isa = PBXBuildFile; fileRef = 04E320ED24276043008D1104 /* Assets.xcassets */; };
		04E320F124276043008D1104 /* Preview Assets.xcassets in Resources */ = {isa = PBXBuildFile; fileRef = 04E320F024276043008D1104 /* Preview Assets.xcassets */; };
/* End PBXBuildFile section */

/* Begin PBXContainerItemProxy section */
		04E320BC24276042008D1104 /* PBXContainerItemProxy */ = {
			isa = PBXContainerItemProxy;
			containerPortal = 04E3209D2427603E008D1104 /* Project object */;
			proxyType = 1;
			remoteGlobalIDString = 04E320A42427603E008D1104;
			remoteInfo = Amulet;
		};
		04E320C724276042008D1104 /* PBXContainerItemProxy */ = {
			isa = PBXContainerItemProxy;
			containerPortal = 04E3209D2427603E008D1104 /* Project object */;
			proxyType = 1;
			remoteGlobalIDString = 04E320A42427603E008D1104;
			remoteInfo = Amulet;
		};
		04E320D124276042008D1104 /* PBXContainerItemProxy */ = {
			isa = PBXContainerItemProxy;
			containerPortal = 04E3209D2427603E008D1104 /* Project object */;
			proxyType = 1;
			remoteGlobalIDString = 04E320CE24276042008D1104;
			remoteInfo = "Amulet WatchKit App";
		};
		04E320E024276043008D1104 /* PBXContainerItemProxy */ = {
			isa = PBXContainerItemProxy;
			containerPortal = 04E3209D2427603E008D1104 /* Project object */;
			proxyType = 1;
			remoteGlobalIDString = 04E320DD24276043008D1104;
			remoteInfo = "Amulet WatchKit Extension";
		};
/* End PBXContainerItemProxy section */

/* Begin PBXCopyFilesBuildPhase section */
		04E320F924276043008D1104 /* Embed App Extensions */ = {
			isa = PBXCopyFilesBuildPhase;
			buildActionMask = 2147483647;
			dstPath = "";
			dstSubfolderSpec = 13;
			files = (
				04E320DF24276043008D1104 /* Amulet WatchKit Extension.appex in Embed App Extensions */,
			);
			name = "Embed App Extensions";
			runOnlyForDeploymentPostprocessing = 0;
		};
		04E320FD24276043008D1104 /* Embed Watch Content */ = {
			isa = PBXCopyFilesBuildPhase;
			buildActionMask = 2147483647;
			dstPath = "$(CONTENTS_FOLDER_PATH)/Watch";
			dstSubfolderSpec = 16;
			files = (
				04E320D024276042008D1104 /* Amulet WatchKit App.app in Embed Watch Content */,
			);
			name = "Embed Watch Content";
			runOnlyForDeploymentPostprocessing = 0;
		};
/* End PBXCopyFilesBuildPhase section */

/* Begin PBXFileReference section */
		044825E32428E99B008002AB /* DetailView.swift */ = {isa = PBXFileReference; lastKnownFileType = sourcecode.swift; path = DetailView.swift; sourceTree = "<group>"; };
		044825E52428EC91008002AB /* Environment.swift */ = {isa = PBXFileReference; lastKnownFileType = sourcecode.swift; path = Environment.swift; sourceTree = "<group>"; };
		0484527A2427731A00DBEEC1 /* AmuletConstants.swift */ = {isa = PBXFileReference; lastKnownFileType = sourcecode.swift; path = AmuletConstants.swift; sourceTree = "<group>"; };
		0484527C2427D40800DBEEC1 /* MainViewModel.swift */ = {isa = PBXFileReference; lastKnownFileType = sourcecode.swift; path = MainViewModel.swift; sourceTree = "<group>"; };
		0484529F2427E19800DBEEC1 /* NeumorphicButtonStyle.swift */ = {isa = PBXFileReference; lastKnownFileType = sourcecode.swift; path = NeumorphicButtonStyle.swift; sourceTree = "<group>"; };
		04A4B4F52428AA2700AD1660 /* SettingsView.swift */ = {isa = PBXFileReference; lastKnownFileType = sourcecode.swift; path = SettingsView.swift; sourceTree = "<group>"; };
		04E320A52427603E008D1104 /* Amulet.app */ = {isa = PBXFileReference; explicitFileType = wrapper.application; includeInIndex = 0; path = Amulet.app; sourceTree = BUILT_PRODUCTS_DIR; };
		04E320A82427603E008D1104 /* AppDelegate.swift */ = {isa = PBXFileReference; lastKnownFileType = sourcecode.swift; path = AppDelegate.swift; sourceTree = "<group>"; };
		04E320AA2427603E008D1104 /* SceneDelegate.swift */ = {isa = PBXFileReference; lastKnownFileType = sourcecode.swift; path = SceneDelegate.swift; sourceTree = "<group>"; };
		04E320AC2427603E008D1104 /* MainView.swift */ = {isa = PBXFileReference; lastKnownFileType = sourcecode.swift; path = MainView.swift; sourceTree = "<group>"; };
		04E320AE24276042008D1104 /* Assets.xcassets */ = {isa = PBXFileReference; lastKnownFileType = folder.assetcatalog; path = Assets.xcassets; sourceTree = "<group>"; };
		04E320B124276042008D1104 /* Preview Assets.xcassets */ = {isa = PBXFileReference; lastKnownFileType = folder.assetcatalog; path = "Preview Assets.xcassets"; sourceTree = "<group>"; };
		04E320B424276042008D1104 /* Base */ = {isa = PBXFileReference; lastKnownFileType = file.storyboard; name = Base; path = Base.lproj/LaunchScreen.storyboard; sourceTree = "<group>"; };
		04E320B624276042008D1104 /* Info.plist */ = {isa = PBXFileReference; lastKnownFileType = text.plist.xml; path = Info.plist; sourceTree = "<group>"; };
		04E320BB24276042008D1104 /* AmuletTests.xctest */ = {isa = PBXFileReference; explicitFileType = wrapper.cfbundle; includeInIndex = 0; path = AmuletTests.xctest; sourceTree = BUILT_PRODUCTS_DIR; };
		04E320BF24276042008D1104 /* AmuletTests.swift */ = {isa = PBXFileReference; lastKnownFileType = sourcecode.swift; path = AmuletTests.swift; sourceTree = "<group>"; };
		04E320C124276042008D1104 /* Info.plist */ = {isa = PBXFileReference; lastKnownFileType = text.plist.xml; path = Info.plist; sourceTree = "<group>"; };
		04E320C624276042008D1104 /* AmuletUITests.xctest */ = {isa = PBXFileReference; explicitFileType = wrapper.cfbundle; includeInIndex = 0; path = AmuletUITests.xctest; sourceTree = BUILT_PRODUCTS_DIR; };
		04E320CA24276042008D1104 /* AmuletUITests.swift */ = {isa = PBXFileReference; lastKnownFileType = sourcecode.swift; path = AmuletUITests.swift; sourceTree = "<group>"; };
		04E320CC24276042008D1104 /* Info.plist */ = {isa = PBXFileReference; lastKnownFileType = text.plist.xml; path = Info.plist; sourceTree = "<group>"; };
		04E320CF24276042008D1104 /* Amulet WatchKit App.app */ = {isa = PBXFileReference; explicitFileType = wrapper.application; includeInIndex = 0; path = "Amulet WatchKit App.app"; sourceTree = BUILT_PRODUCTS_DIR; };
		04E320D524276042008D1104 /* Base */ = {isa = PBXFileReference; lastKnownFileType = file.storyboard; name = Base; path = Base.lproj/Interface.storyboard; sourceTree = "<group>"; };
		04E320D724276043008D1104 /* Assets.xcassets */ = {isa = PBXFileReference; lastKnownFileType = folder.assetcatalog; path = Assets.xcassets; sourceTree = "<group>"; };
		04E320D924276043008D1104 /* Info.plist */ = {isa = PBXFileReference; lastKnownFileType = text.plist.xml; path = Info.plist; sourceTree = "<group>"; };
		04E320DE24276043008D1104 /* Amulet WatchKit Extension.appex */ = {isa = PBXFileReference; explicitFileType = "wrapper.app-extension"; includeInIndex = 0; path = "Amulet WatchKit Extension.appex"; sourceTree = BUILT_PRODUCTS_DIR; };
		04E320E324276043008D1104 /* ContentView.swift */ = {isa = PBXFileReference; lastKnownFileType = sourcecode.swift; path = ContentView.swift; sourceTree = "<group>"; };
		04E320E524276043008D1104 /* HostingController.swift */ = {isa = PBXFileReference; lastKnownFileType = sourcecode.swift; path = HostingController.swift; sourceTree = "<group>"; };
		04E320E724276043008D1104 /* ExtensionDelegate.swift */ = {isa = PBXFileReference; lastKnownFileType = sourcecode.swift; path = ExtensionDelegate.swift; sourceTree = "<group>"; };
		04E320E924276043008D1104 /* NotificationController.swift */ = {isa = PBXFileReference; lastKnownFileType = sourcecode.swift; path = NotificationController.swift; sourceTree = "<group>"; };
		04E320EB24276043008D1104 /* NotificationView.swift */ = {isa = PBXFileReference; lastKnownFileType = sourcecode.swift; path = NotificationView.swift; sourceTree = "<group>"; };
		04E320ED24276043008D1104 /* Assets.xcassets */ = {isa = PBXFileReference; lastKnownFileType = folder.assetcatalog; path = Assets.xcassets; sourceTree = "<group>"; };
		04E320F024276043008D1104 /* Preview Assets.xcassets */ = {isa = PBXFileReference; lastKnownFileType = folder.assetcatalog; path = "Preview Assets.xcassets"; sourceTree = "<group>"; };
		04E320F224276043008D1104 /* Info.plist */ = {isa = PBXFileReference; lastKnownFileType = text.plist.xml; path = Info.plist; sourceTree = "<group>"; };
		04E320F324276043008D1104 /* PushNotificationPayload.apns */ = {isa = PBXFileReference; lastKnownFileType = text; path = PushNotificationPayload.apns; sourceTree = "<group>"; };
/* End PBXFileReference section */

/* Begin PBXFrameworksBuildPhase section */
		04E320A22427603E008D1104 /* Frameworks */ = {
			isa = PBXFrameworksBuildPhase;
			buildActionMask = 2147483647;
			files = (
			);
			runOnlyForDeploymentPostprocessing = 0;
		};
		04E320B824276042008D1104 /* Frameworks */ = {
			isa = PBXFrameworksBuildPhase;
			buildActionMask = 2147483647;
			files = (
			);
			runOnlyForDeploymentPostprocessing = 0;
		};
		04E320C324276042008D1104 /* Frameworks */ = {
			isa = PBXFrameworksBuildPhase;
			buildActionMask = 2147483647;
			files = (
			);
			runOnlyForDeploymentPostprocessing = 0;
		};
		04E320DB24276043008D1104 /* Frameworks */ = {
			isa = PBXFrameworksBuildPhase;
			buildActionMask = 2147483647;
			files = (
			);
			runOnlyForDeploymentPostprocessing = 0;
		};
/* End PBXFrameworksBuildPhase section */

/* Begin PBXGroup section */
		044825E22428E980008002AB /* Detail */ = {
			isa = PBXGroup;
			children = (
				044825E32428E99B008002AB /* DetailView.swift */,
			);
			path = Detail;
			sourceTree = "<group>";
		};
		0484529E2427E18500DBEEC1 /* Ext */ = {
			isa = PBXGroup;
			children = (
				0484529F2427E19800DBEEC1 /* NeumorphicButtonStyle.swift */,
			);
			path = Ext;
			sourceTree = "<group>";
		};
		04A4B4F32428A9FE00AD1660 /* Main */ = {
			isa = PBXGroup;
			children = (
				04E320AC2427603E008D1104 /* MainView.swift */,
				0484527C2427D40800DBEEC1 /* MainViewModel.swift */,
			);
			path = Main;
			sourceTree = "<group>";
		};
		04A4B4F42428AA0800AD1660 /* Settings */ = {
			isa = PBXGroup;
			children = (
				04A4B4F52428AA2700AD1660 /* SettingsView.swift */,
			);
			path = Settings;
			sourceTree = "<group>";
		};
		04E3209C2427603E008D1104 = {
			isa = PBXGroup;
			children = (
				04E320A72427603E008D1104 /* Amulet */,
				04E320BE24276042008D1104 /* AmuletTests */,
				04E320C924276042008D1104 /* AmuletUITests */,
				04E320D324276042008D1104 /* Amulet WatchKit App */,
				04E320E224276043008D1104 /* Amulet WatchKit Extension */,
				04E320A62427603E008D1104 /* Products */,
			);
			sourceTree = "<group>";
		};
		04E320A62427603E008D1104 /* Products */ = {
			isa = PBXGroup;
			children = (
				04E320A52427603E008D1104 /* Amulet.app */,
				04E320BB24276042008D1104 /* AmuletTests.xctest */,
				04E320C624276042008D1104 /* AmuletUITests.xctest */,
				04E320CF24276042008D1104 /* Amulet WatchKit App.app */,
				04E320DE24276043008D1104 /* Amulet WatchKit Extension.appex */,
			);
			name = Products;
			sourceTree = "<group>";
		};
		04E320A72427603E008D1104 /* Amulet */ = {
			isa = PBXGroup;
			children = (
				0484527A2427731A00DBEEC1 /* AmuletConstants.swift */,
				04E320A82427603E008D1104 /* AppDelegate.swift */,
				04E320AE24276042008D1104 /* Assets.xcassets */,
				04E320B624276042008D1104 /* Info.plist */,
				04E320B324276042008D1104 /* LaunchScreen.storyboard */,
				04E320B024276042008D1104 /* Preview Content */,
				04E320AA2427603E008D1104 /* SceneDelegate.swift */,
				04E3210724276796008D1104 /* Views */,
			);
			path = Amulet;
			sourceTree = "<group>";
		};
		04E320B024276042008D1104 /* Preview Content */ = {
			isa = PBXGroup;
			children = (
				04E320B124276042008D1104 /* Preview Assets.xcassets */,
			);
			path = "Preview Content";
			sourceTree = "<group>";
		};
		04E320BE24276042008D1104 /* AmuletTests */ = {
			isa = PBXGroup;
			children = (
				04E320BF24276042008D1104 /* AmuletTests.swift */,
				04E320C124276042008D1104 /* Info.plist */,
			);
			path = AmuletTests;
			sourceTree = "<group>";
		};
		04E320C924276042008D1104 /* AmuletUITests */ = {
			isa = PBXGroup;
			children = (
				04E320CA24276042008D1104 /* AmuletUITests.swift */,
				04E320CC24276042008D1104 /* Info.plist */,
			);
			path = AmuletUITests;
			sourceTree = "<group>";
		};
		04E320D324276042008D1104 /* Amulet WatchKit App */ = {
			isa = PBXGroup;
			children = (
				04E320D424276042008D1104 /* Interface.storyboard */,
				04E320D724276043008D1104 /* Assets.xcassets */,
				04E320D924276043008D1104 /* Info.plist */,
			);
			path = "Amulet WatchKit App";
			sourceTree = "<group>";
		};
		04E320E224276043008D1104 /* Amulet WatchKit Extension */ = {
			isa = PBXGroup;
			children = (
				04E320E324276043008D1104 /* ContentView.swift */,
				04E320E524276043008D1104 /* HostingController.swift */,
				04E320E724276043008D1104 /* ExtensionDelegate.swift */,
				04E320E924276043008D1104 /* NotificationController.swift */,
				04E320EB24276043008D1104 /* NotificationView.swift */,
				04E320ED24276043008D1104 /* Assets.xcassets */,
				04E320F224276043008D1104 /* Info.plist */,
				04E320F324276043008D1104 /* PushNotificationPayload.apns */,
				04E320EF24276043008D1104 /* Preview Content */,
			);
			path = "Amulet WatchKit Extension";
			sourceTree = "<group>";
		};
		04E320EF24276043008D1104 /* Preview Content */ = {
			isa = PBXGroup;
			children = (
				04E320F024276043008D1104 /* Preview Assets.xcassets */,
			);
			path = "Preview Content";
			sourceTree = "<group>";
		};
		04E3210724276796008D1104 /* Views */ = {
			isa = PBXGroup;
			children = (
				044825E22428E980008002AB /* Detail */,
				0484529E2427E18500DBEEC1 /* Ext */,
				04A4B4F32428A9FE00AD1660 /* Main */,
				04A4B4F42428AA0800AD1660 /* Settings */,
				044825E52428EC91008002AB /* Environment.swift */,
			);
			path = Views;
			sourceTree = "<group>";
		};
/* End PBXGroup section */

/* Begin PBXNativeTarget section */
		04E320A42427603E008D1104 /* Amulet */ = {
			isa = PBXNativeTarget;
			buildConfigurationList = 04E320FE24276043008D1104 /* Build configuration list for PBXNativeTarget "Amulet" */;
			buildPhases = (
				04E320A12427603E008D1104 /* Sources */,
				04E320A22427603E008D1104 /* Frameworks */,
				04E320A32427603E008D1104 /* Resources */,
				04E320FD24276043008D1104 /* Embed Watch Content */,
			);
			buildRules = (
			);
			dependencies = (
				04E320D224276042008D1104 /* PBXTargetDependency */,
			);
			name = Amulet;
			productName = Amulet;
			productReference = 04E320A52427603E008D1104 /* Amulet.app */;
			productType = "com.apple.product-type.application";
		};
		04E320BA24276042008D1104 /* AmuletTests */ = {
			isa = PBXNativeTarget;
			buildConfigurationList = 04E3210124276043008D1104 /* Build configuration list for PBXNativeTarget "AmuletTests" */;
			buildPhases = (
				04E320B724276042008D1104 /* Sources */,
				04E320B824276042008D1104 /* Frameworks */,
				04E320B924276042008D1104 /* Resources */,
			);
			buildRules = (
			);
			dependencies = (
				04E320BD24276042008D1104 /* PBXTargetDependency */,
			);
			name = AmuletTests;
			productName = AmuletTests;
			productReference = 04E320BB24276042008D1104 /* AmuletTests.xctest */;
			productType = "com.apple.product-type.bundle.unit-test";
		};
		04E320C524276042008D1104 /* AmuletUITests */ = {
			isa = PBXNativeTarget;
			buildConfigurationList = 04E3210424276043008D1104 /* Build configuration list for PBXNativeTarget "AmuletUITests" */;
			buildPhases = (
				04E320C224276042008D1104 /* Sources */,
				04E320C324276042008D1104 /* Frameworks */,
				04E320C424276042008D1104 /* Resources */,
			);
			buildRules = (
			);
			dependencies = (
				04E320C824276042008D1104 /* PBXTargetDependency */,
			);
			name = AmuletUITests;
			productName = AmuletUITests;
			productReference = 04E320C624276042008D1104 /* AmuletUITests.xctest */;
			productType = "com.apple.product-type.bundle.ui-testing";
		};
		04E320CE24276042008D1104 /* Amulet WatchKit App */ = {
			isa = PBXNativeTarget;
			buildConfigurationList = 04E320FA24276043008D1104 /* Build configuration list for PBXNativeTarget "Amulet WatchKit App" */;
			buildPhases = (
				04E320CD24276042008D1104 /* Resources */,
				04E320F924276043008D1104 /* Embed App Extensions */,
			);
			buildRules = (
			);
			dependencies = (
				04E320E124276043008D1104 /* PBXTargetDependency */,
			);
			name = "Amulet WatchKit App";
			productName = "Amulet WatchKit App";
			productReference = 04E320CF24276042008D1104 /* Amulet WatchKit App.app */;
			productType = "com.apple.product-type.application.watchapp2";
		};
		04E320DD24276043008D1104 /* Amulet WatchKit Extension */ = {
			isa = PBXNativeTarget;
			buildConfigurationList = 04E320F624276043008D1104 /* Build configuration list for PBXNativeTarget "Amulet WatchKit Extension" */;
			buildPhases = (
				04E320DA24276043008D1104 /* Sources */,
				04E320DB24276043008D1104 /* Frameworks */,
				04E320DC24276043008D1104 /* Resources */,
			);
			buildRules = (
			);
			dependencies = (
			);
			name = "Amulet WatchKit Extension";
			productName = "Amulet WatchKit Extension";
			productReference = 04E320DE24276043008D1104 /* Amulet WatchKit Extension.appex */;
			productType = "com.apple.product-type.watchkit2-extension";
		};
/* End PBXNativeTarget section */

/* Begin PBXProject section */
		04E3209D2427603E008D1104 /* Project object */ = {
			isa = PBXProject;
			attributes = {
				LastSwiftUpdateCheck = 1130;
				LastUpgradeCheck = 1130;
				ORGANIZATIONNAME = "Andrian Sergheev";
				TargetAttributes = {
					04E320A42427603E008D1104 = {
						CreatedOnToolsVersion = 11.3.1;
					};
					04E320BA24276042008D1104 = {
						CreatedOnToolsVersion = 11.3.1;
						TestTargetID = 04E320A42427603E008D1104;
					};
					04E320C524276042008D1104 = {
						CreatedOnToolsVersion = 11.3.1;
						TestTargetID = 04E320A42427603E008D1104;
					};
					04E320CE24276042008D1104 = {
						CreatedOnToolsVersion = 11.3.1;
					};
					04E320DD24276043008D1104 = {
						CreatedOnToolsVersion = 11.3.1;
					};
				};
			};
			buildConfigurationList = 04E320A02427603E008D1104 /* Build configuration list for PBXProject "Amulet" */;
			compatibilityVersion = "Xcode 9.3";
			developmentRegion = en;
			hasScannedForEncodings = 0;
			knownRegions = (
				en,
				Base,
			);
			mainGroup = 04E3209C2427603E008D1104;
			productRefGroup = 04E320A62427603E008D1104 /* Products */;
			projectDirPath = "";
			projectRoot = "";
			targets = (
				04E320A42427603E008D1104 /* Amulet */,
				04E320BA24276042008D1104 /* AmuletTests */,
				04E320C524276042008D1104 /* AmuletUITests */,
				04E320CE24276042008D1104 /* Amulet WatchKit App */,
				04E320DD24276043008D1104 /* Amulet WatchKit Extension */,
			);
		};
/* End PBXProject section */

/* Begin PBXResourcesBuildPhase section */
		04E320A32427603E008D1104 /* Resources */ = {
			isa = PBXResourcesBuildPhase;
			buildActionMask = 2147483647;
			files = (
				04E320B524276042008D1104 /* LaunchScreen.storyboard in Resources */,
				04E320B224276042008D1104 /* Preview Assets.xcassets in Resources */,
				04E320AF24276042008D1104 /* Assets.xcassets in Resources */,
			);
			runOnlyForDeploymentPostprocessing = 0;
		};
		04E320B924276042008D1104 /* Resources */ = {
			isa = PBXResourcesBuildPhase;
			buildActionMask = 2147483647;
			files = (
			);
			runOnlyForDeploymentPostprocessing = 0;
		};
		04E320C424276042008D1104 /* Resources */ = {
			isa = PBXResourcesBuildPhase;
			buildActionMask = 2147483647;
			files = (
			);
			runOnlyForDeploymentPostprocessing = 0;
		};
		04E320CD24276042008D1104 /* Resources */ = {
			isa = PBXResourcesBuildPhase;
			buildActionMask = 2147483647;
			files = (
				04E320D824276043008D1104 /* Assets.xcassets in Resources */,
				04E320D624276042008D1104 /* Interface.storyboard in Resources */,
			);
			runOnlyForDeploymentPostprocessing = 0;
		};
		04E320DC24276043008D1104 /* Resources */ = {
			isa = PBXResourcesBuildPhase;
			buildActionMask = 2147483647;
			files = (
				04E320F124276043008D1104 /* Preview Assets.xcassets in Resources */,
				04E320EE24276043008D1104 /* Assets.xcassets in Resources */,
			);
			runOnlyForDeploymentPostprocessing = 0;
		};
/* End PBXResourcesBuildPhase section */

/* Begin PBXSourcesBuildPhase section */
		04E320A12427603E008D1104 /* Sources */ = {
			isa = PBXSourcesBuildPhase;
			buildActionMask = 2147483647;
			files = (
				04A4B4F62428AA2700AD1660 /* SettingsView.swift in Sources */,
				044825E42428E99B008002AB /* DetailView.swift in Sources */,
				0484527D2427D40800DBEEC1 /* MainViewModel.swift in Sources */,
				048452A02427E19800DBEEC1 /* NeumorphicButtonStyle.swift in Sources */,
				044825E62428EC91008002AB /* Environment.swift in Sources */,
				04E320A92427603E008D1104 /* AppDelegate.swift in Sources */,
				0484527B2427731A00DBEEC1 /* AmuletConstants.swift in Sources */,
				04E320AB2427603E008D1104 /* SceneDelegate.swift in Sources */,
				04E320AD2427603E008D1104 /* MainView.swift in Sources */,
			);
			runOnlyForDeploymentPostprocessing = 0;
		};
		04E320B724276042008D1104 /* Sources */ = {
			isa = PBXSourcesBuildPhase;
			buildActionMask = 2147483647;
			files = (
				04E320C024276042008D1104 /* AmuletTests.swift in Sources */,
			);
			runOnlyForDeploymentPostprocessing = 0;
		};
		04E320C224276042008D1104 /* Sources */ = {
			isa = PBXSourcesBuildPhase;
			buildActionMask = 2147483647;
			files = (
				04E320CB24276042008D1104 /* AmuletUITests.swift in Sources */,
			);
			runOnlyForDeploymentPostprocessing = 0;
		};
		04E320DA24276043008D1104 /* Sources */ = {
			isa = PBXSourcesBuildPhase;
			buildActionMask = 2147483647;
			files = (
				04E320E624276043008D1104 /* HostingController.swift in Sources */,
				04E320E424276043008D1104 /* ContentView.swift in Sources */,
				04E320EA24276043008D1104 /* NotificationController.swift in Sources */,
				04E320E824276043008D1104 /* ExtensionDelegate.swift in Sources */,
				04E320EC24276043008D1104 /* NotificationView.swift in Sources */,
			);
			runOnlyForDeploymentPostprocessing = 0;
		};
/* End PBXSourcesBuildPhase section */

/* Begin PBXTargetDependency section */
		04E320BD24276042008D1104 /* PBXTargetDependency */ = {
			isa = PBXTargetDependency;
			target = 04E320A42427603E008D1104 /* Amulet */;
			targetProxy = 04E320BC24276042008D1104 /* PBXContainerItemProxy */;
		};
		04E320C824276042008D1104 /* PBXTargetDependency */ = {
			isa = PBXTargetDependency;
			target = 04E320A42427603E008D1104 /* Amulet */;
			targetProxy = 04E320C724276042008D1104 /* PBXContainerItemProxy */;
		};
		04E320D224276042008D1104 /* PBXTargetDependency */ = {
			isa = PBXTargetDependency;
			target = 04E320CE24276042008D1104 /* Amulet WatchKit App */;
			targetProxy = 04E320D124276042008D1104 /* PBXContainerItemProxy */;
		};
		04E320E124276043008D1104 /* PBXTargetDependency */ = {
			isa = PBXTargetDependency;
			target = 04E320DD24276043008D1104 /* Amulet WatchKit Extension */;
			targetProxy = 04E320E024276043008D1104 /* PBXContainerItemProxy */;
		};
/* End PBXTargetDependency section */

/* Begin PBXVariantGroup section */
		04E320B324276042008D1104 /* LaunchScreen.storyboard */ = {
			isa = PBXVariantGroup;
			children = (
				04E320B424276042008D1104 /* Base */,
			);
			name = LaunchScreen.storyboard;
			sourceTree = "<group>";
		};
		04E320D424276042008D1104 /* Interface.storyboard */ = {
			isa = PBXVariantGroup;
			children = (
				04E320D524276042008D1104 /* Base */,
			);
			name = Interface.storyboard;
			sourceTree = "<group>";
		};
/* End PBXVariantGroup section */

/* Begin XCBuildConfiguration section */
		04E320F424276043008D1104 /* Debug */ = {
			isa = XCBuildConfiguration;
			buildSettings = {
				ALWAYS_SEARCH_USER_PATHS = NO;
				CLANG_ANALYZER_NONNULL = YES;
				CLANG_ANALYZER_NUMBER_OBJECT_CONVERSION = YES_AGGRESSIVE;
				CLANG_CXX_LANGUAGE_STANDARD = "gnu++14";
				CLANG_CXX_LIBRARY = "libc++";
				CLANG_ENABLE_MODULES = YES;
				CLANG_ENABLE_OBJC_ARC = YES;
				CLANG_ENABLE_OBJC_WEAK = YES;
				CLANG_WARN_BLOCK_CAPTURE_AUTORELEASING = YES;
				CLANG_WARN_BOOL_CONVERSION = YES;
				CLANG_WARN_COMMA = YES;
				CLANG_WARN_CONSTANT_CONVERSION = YES;
				CLANG_WARN_DEPRECATED_OBJC_IMPLEMENTATIONS = YES;
				CLANG_WARN_DIRECT_OBJC_ISA_USAGE = YES_ERROR;
				CLANG_WARN_DOCUMENTATION_COMMENTS = YES;
				CLANG_WARN_EMPTY_BODY = YES;
				CLANG_WARN_ENUM_CONVERSION = YES;
				CLANG_WARN_INFINITE_RECURSION = YES;
				CLANG_WARN_INT_CONVERSION = YES;
				CLANG_WARN_NON_LITERAL_NULL_CONVERSION = YES;
				CLANG_WARN_OBJC_IMPLICIT_RETAIN_SELF = YES;
				CLANG_WARN_OBJC_LITERAL_CONVERSION = YES;
				CLANG_WARN_OBJC_ROOT_CLASS = YES_ERROR;
				CLANG_WARN_RANGE_LOOP_ANALYSIS = YES;
				CLANG_WARN_STRICT_PROTOTYPES = YES;
				CLANG_WARN_SUSPICIOUS_MOVE = YES;
				CLANG_WARN_UNGUARDED_AVAILABILITY = YES_AGGRESSIVE;
				CLANG_WARN_UNREACHABLE_CODE = YES;
				CLANG_WARN__DUPLICATE_METHOD_MATCH = YES;
				COPY_PHASE_STRIP = NO;
				DEBUG_INFORMATION_FORMAT = dwarf;
				ENABLE_STRICT_OBJC_MSGSEND = YES;
				ENABLE_TESTABILITY = YES;
				GCC_C_LANGUAGE_STANDARD = gnu11;
				GCC_DYNAMIC_NO_PIC = NO;
				GCC_NO_COMMON_BLOCKS = YES;
				GCC_OPTIMIZATION_LEVEL = 0;
				GCC_PREPROCESSOR_DEFINITIONS = (
					"DEBUG=1",
					"$(inherited)",
				);
				GCC_WARN_64_TO_32_BIT_CONVERSION = YES;
				GCC_WARN_ABOUT_RETURN_TYPE = YES_ERROR;
				GCC_WARN_UNDECLARED_SELECTOR = YES;
				GCC_WARN_UNINITIALIZED_AUTOS = YES_AGGRESSIVE;
				GCC_WARN_UNUSED_FUNCTION = YES;
				GCC_WARN_UNUSED_VARIABLE = YES;
				IPHONEOS_DEPLOYMENT_TARGET = 13.2;
				MTL_ENABLE_DEBUG_INFO = INCLUDE_SOURCE;
				MTL_FAST_MATH = YES;
				ONLY_ACTIVE_ARCH = YES;
				SDKROOT = iphoneos;
				SWIFT_ACTIVE_COMPILATION_CONDITIONS = DEBUG;
				SWIFT_OPTIMIZATION_LEVEL = "-Onone";
			};
			name = Debug;
		};
		04E320F524276043008D1104 /* Release */ = {
			isa = XCBuildConfiguration;
			buildSettings = {
				ALWAYS_SEARCH_USER_PATHS = NO;
				CLANG_ANALYZER_NONNULL = YES;
				CLANG_ANALYZER_NUMBER_OBJECT_CONVERSION = YES_AGGRESSIVE;
				CLANG_CXX_LANGUAGE_STANDARD = "gnu++14";
				CLANG_CXX_LIBRARY = "libc++";
				CLANG_ENABLE_MODULES = YES;
				CLANG_ENABLE_OBJC_ARC = YES;
				CLANG_ENABLE_OBJC_WEAK = YES;
				CLANG_WARN_BLOCK_CAPTURE_AUTORELEASING = YES;
				CLANG_WARN_BOOL_CONVERSION = YES;
				CLANG_WARN_COMMA = YES;
				CLANG_WARN_CONSTANT_CONVERSION = YES;
				CLANG_WARN_DEPRECATED_OBJC_IMPLEMENTATIONS = YES;
				CLANG_WARN_DIRECT_OBJC_ISA_USAGE = YES_ERROR;
				CLANG_WARN_DOCUMENTATION_COMMENTS = YES;
				CLANG_WARN_EMPTY_BODY = YES;
				CLANG_WARN_ENUM_CONVERSION = YES;
				CLANG_WARN_INFINITE_RECURSION = YES;
				CLANG_WARN_INT_CONVERSION = YES;
				CLANG_WARN_NON_LITERAL_NULL_CONVERSION = YES;
				CLANG_WARN_OBJC_IMPLICIT_RETAIN_SELF = YES;
				CLANG_WARN_OBJC_LITERAL_CONVERSION = YES;
				CLANG_WARN_OBJC_ROOT_CLASS = YES_ERROR;
				CLANG_WARN_RANGE_LOOP_ANALYSIS = YES;
				CLANG_WARN_STRICT_PROTOTYPES = YES;
				CLANG_WARN_SUSPICIOUS_MOVE = YES;
				CLANG_WARN_UNGUARDED_AVAILABILITY = YES_AGGRESSIVE;
				CLANG_WARN_UNREACHABLE_CODE = YES;
				CLANG_WARN__DUPLICATE_METHOD_MATCH = YES;
				COPY_PHASE_STRIP = NO;
				DEBUG_INFORMATION_FORMAT = "dwarf-with-dsym";
				ENABLE_NS_ASSERTIONS = NO;
				ENABLE_STRICT_OBJC_MSGSEND = YES;
				GCC_C_LANGUAGE_STANDARD = gnu11;
				GCC_NO_COMMON_BLOCKS = YES;
				GCC_WARN_64_TO_32_BIT_CONVERSION = YES;
				GCC_WARN_ABOUT_RETURN_TYPE = YES_ERROR;
				GCC_WARN_UNDECLARED_SELECTOR = YES;
				GCC_WARN_UNINITIALIZED_AUTOS = YES_AGGRESSIVE;
				GCC_WARN_UNUSED_FUNCTION = YES;
				GCC_WARN_UNUSED_VARIABLE = YES;
				IPHONEOS_DEPLOYMENT_TARGET = 13.2;
				MTL_ENABLE_DEBUG_INFO = NO;
				MTL_FAST_MATH = YES;
				SDKROOT = iphoneos;
				SWIFT_COMPILATION_MODE = wholemodule;
				SWIFT_OPTIMIZATION_LEVEL = "-O";
				VALIDATE_PRODUCT = YES;
			};
			name = Release;
		};
		04E320F724276043008D1104 /* Debug */ = {
			isa = XCBuildConfiguration;
			buildSettings = {
				ASSETCATALOG_COMPILER_COMPLICATION_NAME = Complication;
				CODE_SIGN_STYLE = Automatic;
				DEVELOPMENT_ASSET_PATHS = "\"Amulet WatchKit Extension/Preview Content\"";
				DEVELOPMENT_TEAM = SZ6SDPY725;
				ENABLE_PREVIEWS = YES;
				INFOPLIST_FILE = "Amulet WatchKit Extension/Info.plist";
				LD_RUNPATH_SEARCH_PATHS = (
					"$(inherited)",
					"@executable_path/Frameworks",
					"@executable_path/../../Frameworks",
				);
				PRODUCT_BUNDLE_IDENTIFIER = "com.blue-red.Amulet.watchkitapp.watchkitextension";
				PRODUCT_NAME = "${TARGET_NAME}";
				SDKROOT = watchos;
				SKIP_INSTALL = YES;
				SWIFT_VERSION = 5.0;
				TARGETED_DEVICE_FAMILY = 4;
				WATCHOS_DEPLOYMENT_TARGET = 6.1;
			};
			name = Debug;
		};
		04E320F824276043008D1104 /* Release */ = {
			isa = XCBuildConfiguration;
			buildSettings = {
				ASSETCATALOG_COMPILER_COMPLICATION_NAME = Complication;
				CODE_SIGN_STYLE = Automatic;
				DEVELOPMENT_ASSET_PATHS = "\"Amulet WatchKit Extension/Preview Content\"";
				DEVELOPMENT_TEAM = SZ6SDPY725;
				ENABLE_PREVIEWS = YES;
				INFOPLIST_FILE = "Amulet WatchKit Extension/Info.plist";
				LD_RUNPATH_SEARCH_PATHS = (
					"$(inherited)",
					"@executable_path/Frameworks",
					"@executable_path/../../Frameworks",
				);
				PRODUCT_BUNDLE_IDENTIFIER = "com.blue-red.Amulet.watchkitapp.watchkitextension";
				PRODUCT_NAME = "${TARGET_NAME}";
				SDKROOT = watchos;
				SKIP_INSTALL = YES;
				SWIFT_VERSION = 5.0;
				TARGETED_DEVICE_FAMILY = 4;
				WATCHOS_DEPLOYMENT_TARGET = 6.1;
			};
			name = Release;
		};
		04E320FB24276043008D1104 /* Debug */ = {
			isa = XCBuildConfiguration;
			buildSettings = {
				ALWAYS_EMBED_SWIFT_STANDARD_LIBRARIES = YES;
				ASSETCATALOG_COMPILER_APPICON_NAME = AppIcon;
				CODE_SIGN_STYLE = Automatic;
				DEVELOPMENT_TEAM = SZ6SDPY725;
				IBSC_MODULE = Amulet_WatchKit_Extension;
				INFOPLIST_FILE = "Amulet WatchKit App/Info.plist";
				PRODUCT_BUNDLE_IDENTIFIER = "com.blue-red.Amulet.watchkitapp";
				PRODUCT_NAME = "$(TARGET_NAME)";
				SDKROOT = watchos;
				SKIP_INSTALL = YES;
				SWIFT_VERSION = 5.0;
				TARGETED_DEVICE_FAMILY = 4;
				WATCHOS_DEPLOYMENT_TARGET = 6.1;
			};
			name = Debug;
		};
		04E320FC24276043008D1104 /* Release */ = {
			isa = XCBuildConfiguration;
			buildSettings = {
				ALWAYS_EMBED_SWIFT_STANDARD_LIBRARIES = YES;
				ASSETCATALOG_COMPILER_APPICON_NAME = AppIcon;
				CODE_SIGN_STYLE = Automatic;
				DEVELOPMENT_TEAM = SZ6SDPY725;
				IBSC_MODULE = Amulet_WatchKit_Extension;
				INFOPLIST_FILE = "Amulet WatchKit App/Info.plist";
				PRODUCT_BUNDLE_IDENTIFIER = "com.blue-red.Amulet.watchkitapp";
				PRODUCT_NAME = "$(TARGET_NAME)";
				SDKROOT = watchos;
				SKIP_INSTALL = YES;
				SWIFT_VERSION = 5.0;
				TARGETED_DEVICE_FAMILY = 4;
				WATCHOS_DEPLOYMENT_TARGET = 6.1;
			};
			name = Release;
		};
		04E320FF24276043008D1104 /* Debug */ = {
			isa = XCBuildConfiguration;
			buildSettings = {
				ASSETCATALOG_COMPILER_APPICON_NAME = AppIcon;
				CODE_SIGN_STYLE = Automatic;
				DEVELOPMENT_ASSET_PATHS = "\"Amulet/Preview Content\"";
				DEVELOPMENT_TEAM = SZ6SDPY725;
				ENABLE_PREVIEWS = YES;
				INFOPLIST_FILE = Amulet/Info.plist;
				LD_RUNPATH_SEARCH_PATHS = (
					"$(inherited)",
					"@executable_path/Frameworks",
				);
				PRODUCT_BUNDLE_IDENTIFIER = "com.blue-red.Amulet";
				PRODUCT_NAME = "$(TARGET_NAME)";
				SWIFT_VERSION = 5.0;
				TARGETED_DEVICE_FAMILY = "1,2";
			};
			name = Debug;
		};
		04E3210024276043008D1104 /* Release */ = {
			isa = XCBuildConfiguration;
			buildSettings = {
				ASSETCATALOG_COMPILER_APPICON_NAME = AppIcon;
				CODE_SIGN_STYLE = Automatic;
				DEVELOPMENT_ASSET_PATHS = "\"Amulet/Preview Content\"";
				DEVELOPMENT_TEAM = SZ6SDPY725;
				ENABLE_PREVIEWS = YES;
				INFOPLIST_FILE = Amulet/Info.plist;
				LD_RUNPATH_SEARCH_PATHS = (
					"$(inherited)",
					"@executable_path/Frameworks",
				);
				PRODUCT_BUNDLE_IDENTIFIER = "com.blue-red.Amulet";
				PRODUCT_NAME = "$(TARGET_NAME)";
				SWIFT_VERSION = 5.0;
				TARGETED_DEVICE_FAMILY = "1,2";
			};
			name = Release;
		};
		04E3210224276043008D1104 /* Debug */ = {
			isa = XCBuildConfiguration;
			buildSettings = {
				ALWAYS_EMBED_SWIFT_STANDARD_LIBRARIES = YES;
				BUNDLE_LOADER = "$(TEST_HOST)";
				CODE_SIGN_STYLE = Automatic;
				DEVELOPMENT_TEAM = SZ6SDPY725;
				INFOPLIST_FILE = AmuletTests/Info.plist;
				IPHONEOS_DEPLOYMENT_TARGET = 13.2;
				LD_RUNPATH_SEARCH_PATHS = (
					"$(inherited)",
					"@executable_path/Frameworks",
					"@loader_path/Frameworks",
				);
				PRODUCT_BUNDLE_IDENTIFIER = "com.blue-red.AmuletTests";
				PRODUCT_NAME = "$(TARGET_NAME)";
				SWIFT_VERSION = 5.0;
				TARGETED_DEVICE_FAMILY = "1,2";
				TEST_HOST = "$(BUILT_PRODUCTS_DIR)/Amulet.app/Amulet";
			};
			name = Debug;
		};
		04E3210324276043008D1104 /* Release */ = {
			isa = XCBuildConfiguration;
			buildSettings = {
				ALWAYS_EMBED_SWIFT_STANDARD_LIBRARIES = YES;
				BUNDLE_LOADER = "$(TEST_HOST)";
				CODE_SIGN_STYLE = Automatic;
				DEVELOPMENT_TEAM = SZ6SDPY725;
				INFOPLIST_FILE = AmuletTests/Info.plist;
				IPHONEOS_DEPLOYMENT_TARGET = 13.2;
				LD_RUNPATH_SEARCH_PATHS = (
					"$(inherited)",
					"@executable_path/Frameworks",
					"@loader_path/Frameworks",
				);
				PRODUCT_BUNDLE_IDENTIFIER = "com.blue-red.AmuletTests";
				PRODUCT_NAME = "$(TARGET_NAME)";
				SWIFT_VERSION = 5.0;
				TARGETED_DEVICE_FAMILY = "1,2";
				TEST_HOST = "$(BUILT_PRODUCTS_DIR)/Amulet.app/Amulet";
			};
			name = Release;
		};
		04E3210524276043008D1104 /* Debug */ = {
			isa = XCBuildConfiguration;
			buildSettings = {
				ALWAYS_EMBED_SWIFT_STANDARD_LIBRARIES = YES;
				CODE_SIGN_STYLE = Automatic;
				DEVELOPMENT_TEAM = SZ6SDPY725;
				INFOPLIST_FILE = AmuletUITests/Info.plist;
				LD_RUNPATH_SEARCH_PATHS = (
					"$(inherited)",
					"@executable_path/Frameworks",
					"@loader_path/Frameworks",
				);
				PRODUCT_BUNDLE_IDENTIFIER = "com.blue-red.AmuletUITests";
				PRODUCT_NAME = "$(TARGET_NAME)";
				SWIFT_VERSION = 5.0;
				TARGETED_DEVICE_FAMILY = "1,2";
				TEST_TARGET_NAME = Amulet;
			};
			name = Debug;
		};
		04E3210624276043008D1104 /* Release */ = {
			isa = XCBuildConfiguration;
			buildSettings = {
				ALWAYS_EMBED_SWIFT_STANDARD_LIBRARIES = YES;
				CODE_SIGN_STYLE = Automatic;
				DEVELOPMENT_TEAM = SZ6SDPY725;
				INFOPLIST_FILE = AmuletUITests/Info.plist;
				LD_RUNPATH_SEARCH_PATHS = (
					"$(inherited)",
					"@executable_path/Frameworks",
					"@loader_path/Frameworks",
				);
				PRODUCT_BUNDLE_IDENTIFIER = "com.blue-red.AmuletUITests";
				PRODUCT_NAME = "$(TARGET_NAME)";
				SWIFT_VERSION = 5.0;
				TARGETED_DEVICE_FAMILY = "1,2";
				TEST_TARGET_NAME = Amulet;
			};
			name = Release;
		};
/* End XCBuildConfiguration section */

/* Begin XCConfigurationList section */
		04E320A02427603E008D1104 /* Build configuration list for PBXProject "Amulet" */ = {
			isa = XCConfigurationList;
			buildConfigurations = (
				04E320F424276043008D1104 /* Debug */,
				04E320F524276043008D1104 /* Release */,
			);
			defaultConfigurationIsVisible = 0;
			defaultConfigurationName = Release;
		};
		04E320F624276043008D1104 /* Build configuration list for PBXNativeTarget "Amulet WatchKit Extension" */ = {
			isa = XCConfigurationList;
			buildConfigurations = (
				04E320F724276043008D1104 /* Debug */,
				04E320F824276043008D1104 /* Release */,
			);
			defaultConfigurationIsVisible = 0;
			defaultConfigurationName = Release;
		};
		04E320FA24276043008D1104 /* Build configuration list for PBXNativeTarget "Amulet WatchKit App" */ = {
			isa = XCConfigurationList;
			buildConfigurations = (
				04E320FB24276043008D1104 /* Debug */,
				04E320FC24276043008D1104 /* Release */,
			);
			defaultConfigurationIsVisible = 0;
			defaultConfigurationName = Release;
		};
		04E320FE24276043008D1104 /* Build configuration list for PBXNativeTarget "Amulet" */ = {
			isa = XCConfigurationList;
			buildConfigurations = (
				04E320FF24276043008D1104 /* Debug */,
				04E3210024276043008D1104 /* Release */,
			);
			defaultConfigurationIsVisible = 0;
			defaultConfigurationName = Release;
		};
		04E3210124276043008D1104 /* Build configuration list for PBXNativeTarget "AmuletTests" */ = {
			isa = XCConfigurationList;
			buildConfigurations = (
				04E3210224276043008D1104 /* Debug */,
				04E3210324276043008D1104 /* Release */,
			);
			defaultConfigurationIsVisible = 0;
			defaultConfigurationName = Release;
		};
		04E3210424276043008D1104 /* Build configuration list for PBXNativeTarget "AmuletUITests" */ = {
			isa = XCConfigurationList;
			buildConfigurations = (
				04E3210524276043008D1104 /* Debug */,
				04E3210624276043008D1104 /* Release */,
			);
			defaultConfigurationIsVisible = 0;
			defaultConfigurationName = Release;
		};
/* End XCConfigurationList section */
	};
	rootObject = 04E3209D2427603E008D1104 /* Project object */;
}
