// !$*UTF8*$!
{
	archiveVersion = 1;
	classes = {
	};
	objectVersion = 50;
	objects = {

/* Begin PBXBuildFile section */
		042691DD242CA8810005CFC0 /* Current.swift in Sources */ = {isa = PBXBuildFile; fileRef = 042691DC242CA8810005CFC0 /* Current.swift */; };
		044825E42428E99B008002AB /* DetailView.swift in Sources */ = {isa = PBXBuildFile; fileRef = 044825E32428E99B008002AB /* DetailView.swift */; };
		044825E62428EC91008002AB /* Environment+Ext.swift in Sources */ = {isa = PBXBuildFile; fileRef = 044825E52428EC91008002AB /* Environment+Ext.swift */; };
		0460D2CC28CD03DC00FA0D18 /* AnyPublisher+Create.swift in Sources */ = {isa = PBXBuildFile; fileRef = 0460D2CB28CD03DC00FA0D18 /* AnyPublisher+Create.swift */; };
		046919A524322B050060BA4B /* IntentionView.swift in Sources */ = {isa = PBXBuildFile; fileRef = 046919A424322B050060BA4B /* IntentionView.swift */; };
		046919A724322E120060BA4B /* GradientView.swift in Sources */ = {isa = PBXBuildFile; fileRef = 046919A624322E120060BA4B /* GradientView.swift */; };
		047E90D7242DEAEE00D7FAAE /* View+Ext.swift in Sources */ = {isa = PBXBuildFile; fileRef = 047E90D6242DEAEE00D7FAAE /* View+Ext.swift */; };
		047E90DA242DEE6100D7FAAE /* Feedback.swift in Sources */ = {isa = PBXBuildFile; fileRef = 047E90D9242DEE6100D7FAAE /* Feedback.swift */; };
		047E90DC242DEE8000D7FAAE /* System.swift in Sources */ = {isa = PBXBuildFile; fileRef = 047E90DB242DEE8000D7FAAE /* System.swift */; };
		047E90DE242DFEE000D7FAAE /* Spinner.swift in Sources */ = {isa = PBXBuildFile; fileRef = 047E90DD242DFEE000D7FAAE /* Spinner.swift */; };
		047E90E0242E390A00D7FAAE /* Date+Ext.swift in Sources */ = {isa = PBXBuildFile; fileRef = 047E90DF242E390A00D7FAAE /* Date+Ext.swift */; };
		047E90E2242E425B00D7FAAE /* ViewControllerRepresentable.swift in Sources */ = {isa = PBXBuildFile; fileRef = 047E90E1242E425B00D7FAAE /* ViewControllerRepresentable.swift */; };
		047E90E4242E452D00D7FAAE /* AppSettings.swift in Sources */ = {isa = PBXBuildFile; fileRef = 047E90E3242E452D00D7FAAE /* AppSettings.swift */; };
		0484527B2427731A00DBEEC1 /* AmuletConstants.swift in Sources */ = {isa = PBXBuildFile; fileRef = 0484527A2427731A00DBEEC1 /* AmuletConstants.swift */; };
		0484527D2427D40800DBEEC1 /* MainViewModel.swift in Sources */ = {isa = PBXBuildFile; fileRef = 0484527C2427D40800DBEEC1 /* MainViewModel.swift */; };
		048452A02427E19800DBEEC1 /* NeumorphicButtonStyle.swift in Sources */ = {isa = PBXBuildFile; fileRef = 0484529F2427E19800DBEEC1 /* NeumorphicButtonStyle.swift */; };
		0488E241242B52A70028E62C /* AmuletAPI.swift in Sources */ = {isa = PBXBuildFile; fileRef = 0488E240242B52A70028E62C /* AmuletAPI.swift */; };
		0488E243242B5ABF0028E62C /* Charm.swift in Sources */ = {isa = PBXBuildFile; fileRef = 0488E242242B5ABF0028E62C /* Charm.swift */; };
		0488E245242B5BBF0028E62C /* DetailViewModel.swift in Sources */ = {isa = PBXBuildFile; fileRef = 0488E244242B5BBF0028E62C /* DetailViewModel.swift */; };
		0488E247242B5EA00028E62C /* AmuletMock.json in Resources */ = {isa = PBXBuildFile; fileRef = 0488E246242B5EA00028E62C /* AmuletMock.json */; };
		0488E249242B988E0028E62C /* AmuletBaseURL.swift in Sources */ = {isa = PBXBuildFile; fileRef = 0488E248242B988E0028E62C /* AmuletBaseURL.swift */; };
		048B9DAC243327CF004B127B /* CancelButtonView.swift in Sources */ = {isa = PBXBuildFile; fileRef = 048B9DAB243327CF004B127B /* CancelButtonView.swift */; };
		048B9DAE2433290E004B127B /* DetailCellView.swift in Sources */ = {isa = PBXBuildFile; fileRef = 048B9DAD2433290E004B127B /* DetailCellView.swift */; };
		048B9DB024332981004B127B /* SettingCellView.swift in Sources */ = {isa = PBXBuildFile; fileRef = 048B9DAF24332981004B127B /* SettingCellView.swift */; };
		04A4B4F62428AA2700AD1660 /* SettingsView.swift in Sources */ = {isa = PBXBuildFile; fileRef = 04A4B4F52428AA2700AD1660 /* SettingsView.swift */; };
		04B3BC79243487440009D83D /* Images.xcassets in Resources */ = {isa = PBXBuildFile; fileRef = 04B3BC78243487440009D83D /* Images.xcassets */; };
		04E320A92427603E008D1104 /* AppDelegate.swift in Sources */ = {isa = PBXBuildFile; fileRef = 04E320A82427603E008D1104 /* AppDelegate.swift */; };
		04E320AB2427603E008D1104 /* SceneDelegate.swift in Sources */ = {isa = PBXBuildFile; fileRef = 04E320AA2427603E008D1104 /* SceneDelegate.swift */; };
		04E320AD2427603E008D1104 /* MainView.swift in Sources */ = {isa = PBXBuildFile; fileRef = 04E320AC2427603E008D1104 /* MainView.swift */; };
		04E320B524276042008D1104 /* LaunchScreen.storyboard in Resources */ = {isa = PBXBuildFile; fileRef = 04E320B324276042008D1104 /* LaunchScreen.storyboard */; };
		04FE7F8524309D320023C1F5 /* UIApplication+Ext.swift in Sources */ = {isa = PBXBuildFile; fileRef = 04FE7F8424309D320023C1F5 /* UIApplication+Ext.swift */; };
		04FE7F872430D3EA0023C1F5 /* SettingsViewModel.swift in Sources */ = {isa = PBXBuildFile; fileRef = 04FE7F862430D3EA0023C1F5 /* SettingsViewModel.swift */; };
/* End PBXBuildFile section */

/* Begin PBXCopyFilesBuildPhase section */
		04E320FD24276043008D1104 /* Embed Watch Content */ = {
			isa = PBXCopyFilesBuildPhase;
			buildActionMask = 2147483647;
			dstPath = "$(CONTENTS_FOLDER_PATH)/Watch";
			dstSubfolderSpec = 16;
			files = (
			);
			name = "Embed Watch Content";
			runOnlyForDeploymentPostprocessing = 0;
		};
/* End PBXCopyFilesBuildPhase section */

/* Begin PBXFileReference section */
		042691DC242CA8810005CFC0 /* Current.swift */ = {isa = PBXFileReference; lastKnownFileType = sourcecode.swift; path = Current.swift; sourceTree = "<group>"; };
		044825E32428E99B008002AB /* DetailView.swift */ = {isa = PBXFileReference; lastKnownFileType = sourcecode.swift; path = DetailView.swift; sourceTree = "<group>"; };
		044825E52428EC91008002AB /* Environment+Ext.swift */ = {isa = PBXFileReference; lastKnownFileType = sourcecode.swift; path = "Environment+Ext.swift"; sourceTree = "<group>"; };
		0460D2CB28CD03DC00FA0D18 /* AnyPublisher+Create.swift */ = {isa = PBXFileReference; lastKnownFileType = sourcecode.swift; path = "AnyPublisher+Create.swift"; sourceTree = "<group>"; };
		046919A424322B050060BA4B /* IntentionView.swift */ = {isa = PBXFileReference; lastKnownFileType = sourcecode.swift; path = IntentionView.swift; sourceTree = "<group>"; };
		046919A624322E120060BA4B /* GradientView.swift */ = {isa = PBXFileReference; lastKnownFileType = sourcecode.swift; path = GradientView.swift; sourceTree = "<group>"; };
		047E90D6242DEAEE00D7FAAE /* View+Ext.swift */ = {isa = PBXFileReference; lastKnownFileType = sourcecode.swift; path = "View+Ext.swift"; sourceTree = "<group>"; };
		047E90D9242DEE6100D7FAAE /* Feedback.swift */ = {isa = PBXFileReference; lastKnownFileType = sourcecode.swift; path = Feedback.swift; sourceTree = "<group>"; };
		047E90DB242DEE8000D7FAAE /* System.swift */ = {isa = PBXFileReference; lastKnownFileType = sourcecode.swift; path = System.swift; sourceTree = "<group>"; };
		047E90DD242DFEE000D7FAAE /* Spinner.swift */ = {isa = PBXFileReference; lastKnownFileType = sourcecode.swift; path = Spinner.swift; sourceTree = "<group>"; };
		047E90DF242E390A00D7FAAE /* Date+Ext.swift */ = {isa = PBXFileReference; lastKnownFileType = sourcecode.swift; path = "Date+Ext.swift"; sourceTree = "<group>"; };
		047E90E1242E425B00D7FAAE /* ViewControllerRepresentable.swift */ = {isa = PBXFileReference; lastKnownFileType = sourcecode.swift; path = ViewControllerRepresentable.swift; sourceTree = "<group>"; };
		047E90E3242E452D00D7FAAE /* AppSettings.swift */ = {isa = PBXFileReference; lastKnownFileType = sourcecode.swift; path = AppSettings.swift; sourceTree = "<group>"; };
		0484527A2427731A00DBEEC1 /* AmuletConstants.swift */ = {isa = PBXFileReference; lastKnownFileType = sourcecode.swift; path = AmuletConstants.swift; sourceTree = "<group>"; };
		0484527C2427D40800DBEEC1 /* MainViewModel.swift */ = {isa = PBXFileReference; lastKnownFileType = sourcecode.swift; path = MainViewModel.swift; sourceTree = "<group>"; };
		0484529F2427E19800DBEEC1 /* NeumorphicButtonStyle.swift */ = {isa = PBXFileReference; lastKnownFileType = sourcecode.swift; path = NeumorphicButtonStyle.swift; sourceTree = "<group>"; };
		0488E240242B52A70028E62C /* AmuletAPI.swift */ = {isa = PBXFileReference; lastKnownFileType = sourcecode.swift; path = AmuletAPI.swift; sourceTree = "<group>"; };
		0488E242242B5ABF0028E62C /* Charm.swift */ = {isa = PBXFileReference; lastKnownFileType = sourcecode.swift; path = Charm.swift; sourceTree = "<group>"; };
		0488E244242B5BBF0028E62C /* DetailViewModel.swift */ = {isa = PBXFileReference; lastKnownFileType = sourcecode.swift; path = DetailViewModel.swift; sourceTree = "<group>"; };
		0488E246242B5EA00028E62C /* AmuletMock.json */ = {isa = PBXFileReference; fileEncoding = 4; lastKnownFileType = text.json; path = AmuletMock.json; sourceTree = "<group>"; };
		0488E248242B988E0028E62C /* AmuletBaseURL.swift */ = {isa = PBXFileReference; lastKnownFileType = sourcecode.swift; path = AmuletBaseURL.swift; sourceTree = "<group>"; };
		048B9DAB243327CF004B127B /* CancelButtonView.swift */ = {isa = PBXFileReference; lastKnownFileType = sourcecode.swift; path = CancelButtonView.swift; sourceTree = "<group>"; };
		048B9DAD2433290E004B127B /* DetailCellView.swift */ = {isa = PBXFileReference; lastKnownFileType = sourcecode.swift; path = DetailCellView.swift; sourceTree = "<group>"; };
		048B9DAF24332981004B127B /* SettingCellView.swift */ = {isa = PBXFileReference; lastKnownFileType = sourcecode.swift; path = SettingCellView.swift; sourceTree = "<group>"; };
		04A4B4F52428AA2700AD1660 /* SettingsView.swift */ = {isa = PBXFileReference; lastKnownFileType = sourcecode.swift; path = SettingsView.swift; sourceTree = "<group>"; };
		04B3BC78243487440009D83D /* Images.xcassets */ = {isa = PBXFileReference; lastKnownFileType = folder.assetcatalog; path = Images.xcassets; sourceTree = "<group>"; };
		04E320A52427603E008D1104 /* DailyCharm.app */ = {isa = PBXFileReference; explicitFileType = wrapper.application; includeInIndex = 0; path = DailyCharm.app; sourceTree = BUILT_PRODUCTS_DIR; };
		04E320A82427603E008D1104 /* AppDelegate.swift */ = {isa = PBXFileReference; lastKnownFileType = sourcecode.swift; path = AppDelegate.swift; sourceTree = "<group>"; };
		04E320AA2427603E008D1104 /* SceneDelegate.swift */ = {isa = PBXFileReference; lastKnownFileType = sourcecode.swift; path = SceneDelegate.swift; sourceTree = "<group>"; };
		04E320AC2427603E008D1104 /* MainView.swift */ = {isa = PBXFileReference; lastKnownFileType = sourcecode.swift; path = MainView.swift; sourceTree = "<group>"; };
		04E320B424276042008D1104 /* Base */ = {isa = PBXFileReference; lastKnownFileType = file.storyboard; name = Base; path = Base.lproj/LaunchScreen.storyboard; sourceTree = "<group>"; };
		04E320B624276042008D1104 /* Info.plist */ = {isa = PBXFileReference; lastKnownFileType = text.plist.xml; path = Info.plist; sourceTree = "<group>"; };
		04FE7F8424309D320023C1F5 /* UIApplication+Ext.swift */ = {isa = PBXFileReference; lastKnownFileType = sourcecode.swift; path = "UIApplication+Ext.swift"; sourceTree = "<group>"; };
		04FE7F862430D3EA0023C1F5 /* SettingsViewModel.swift */ = {isa = PBXFileReference; lastKnownFileType = sourcecode.swift; path = SettingsViewModel.swift; sourceTree = "<group>"; };
/* End PBXFileReference section */

/* Begin PBXFrameworksBuildPhase section */
		04E320A22427603E008D1104 /* Frameworks */ = {
			isa = PBXFrameworksBuildPhase;
			buildActionMask = 2147483647;
			files = (
			);
			runOnlyForDeploymentPostprocessing = 0;
		};
/* End PBXFrameworksBuildPhase section */

/* Begin PBXGroup section */
		0424AB3B242DE22700497340 /* App */ = {
			isa = PBXGroup;
			children = (
				04E320A82427603E008D1104 /* AppDelegate.swift */,
				04E320AA2427603E008D1104 /* SceneDelegate.swift */,
			);
			path = App;
			sourceTree = "<group>";
		};
		0424AB3C242DE23900497340 /* SupportingFiles */ = {
			isa = PBXGroup;
			children = (
				04E320B624276042008D1104 /* Info.plist */,
				04E320B324276042008D1104 /* LaunchScreen.storyboard */,
			);
			path = SupportingFiles;
			sourceTree = "<group>";
		};
		044825E22428E980008002AB /* Detail */ = {
			isa = PBXGroup;
			children = (
				048B9DAD2433290E004B127B /* DetailCellView.swift */,
				044825E32428E99B008002AB /* DetailView.swift */,
				0488E244242B5BBF0028E62C /* DetailViewModel.swift */,
			);
			path = Detail;
			sourceTree = "<group>";
		};
		047E90D5242DEAD300D7FAAE /* Extensions */ = {
			isa = PBXGroup;
			children = (
				044825E52428EC91008002AB /* Environment+Ext.swift */,
				047E90D6242DEAEE00D7FAAE /* View+Ext.swift */,
				047E90DF242E390A00D7FAAE /* Date+Ext.swift */,
				04FE7F8424309D320023C1F5 /* UIApplication+Ext.swift */,
			);
			path = Extensions;
			sourceTree = "<group>";
		};
		047E90D8242DEE4B00D7FAAE /* Feedback */ = {
			isa = PBXGroup;
			children = (
				047E90D9242DEE6100D7FAAE /* Feedback.swift */,
				047E90DB242DEE8000D7FAAE /* System.swift */,
			);
			path = Feedback;
			sourceTree = "<group>";
		};
		0484529E2427E18500DBEEC1 /* Misc */ = {
			isa = PBXGroup;
			children = (
				0484529F2427E19800DBEEC1 /* NeumorphicButtonStyle.swift */,
				047E90DD242DFEE000D7FAAE /* Spinner.swift */,
				047E90E1242E425B00D7FAAE /* ViewControllerRepresentable.swift */,
				046919A624322E120060BA4B /* GradientView.swift */,
				048B9DAB243327CF004B127B /* CancelButtonView.swift */,
			);
			path = Misc;
			sourceTree = "<group>";
		};
		0488E23F242B52930028E62C /* Network */ = {
			isa = PBXGroup;
			children = (
				0488E246242B5EA00028E62C /* AmuletMock.json */,
				0488E240242B52A70028E62C /* AmuletAPI.swift */,
				0488E248242B988E0028E62C /* AmuletBaseURL.swift */,
				0460D2CB28CD03DC00FA0D18 /* AnyPublisher+Create.swift */,
			);
			path = Network;
			sourceTree = "<group>";
		};
		04A4B4F32428A9FE00AD1660 /* Main */ = {
			isa = PBXGroup;
			children = (
				04E320AC2427603E008D1104 /* MainView.swift */,
				0484527C2427D40800DBEEC1 /* MainViewModel.swift */,
			);
			path = Main;
			sourceTree = "<group>";
		};
		04A4B4F42428AA0800AD1660 /* Settings */ = {
			isa = PBXGroup;
			children = (
				04A4B4F52428AA2700AD1660 /* SettingsView.swift */,
				04FE7F862430D3EA0023C1F5 /* SettingsViewModel.swift */,
				046919A424322B050060BA4B /* IntentionView.swift */,
				048B9DAF24332981004B127B /* SettingCellView.swift */,
			);
			path = Settings;
			sourceTree = "<group>";
		};
		04B2C98B242A506D004749D3 /* Model */ = {
			isa = PBXGroup;
			children = (
				0488E242242B5ABF0028E62C /* Charm.swift */,
			);
			path = Model;
			sourceTree = "<group>";
		};
		04B2C98C242A50A6004749D3 /* Shared */ = {
			isa = PBXGroup;
			children = (
				0484527A2427731A00DBEEC1 /* AmuletConstants.swift */,
				042691DC242CA8810005CFC0 /* Current.swift */,
				047E90E3242E452D00D7FAAE /* AppSettings.swift */,
			);
			path = Shared;
			sourceTree = "<group>";
		};
		04E3209C2427603E008D1104 = {
			isa = PBXGroup;
			children = (
				04E320A72427603E008D1104 /* Amulet */,
				04E320A62427603E008D1104 /* Products */,
			);
			sourceTree = "<group>";
		};
		04E320A62427603E008D1104 /* Products */ = {
			isa = PBXGroup;
			children = (
				04E320A52427603E008D1104 /* DailyCharm.app */,
			);
			name = Products;
			sourceTree = "<group>";
		};
		04E320A72427603E008D1104 /* Amulet */ = {
			isa = PBXGroup;
			children = (
				0424AB3B242DE22700497340 /* App */,
				047E90D5242DEAD300D7FAAE /* Extensions */,
				047E90D8242DEE4B00D7FAAE /* Feedback */,
				04B2C98B242A506D004749D3 /* Model */,
				0488E23F242B52930028E62C /* Network */,
				04B2C98C242A50A6004749D3 /* Shared */,
				0424AB3C242DE23900497340 /* SupportingFiles */,
				04E3210724276796008D1104 /* Views */,
				04B3BC78243487440009D83D /* Images.xcassets */,
			);
			path = Amulet;
			sourceTree = "<group>";
		};
		04E3210724276796008D1104 /* Views */ = {
			isa = PBXGroup;
			children = (
				044825E22428E980008002AB /* Detail */,
				0484529E2427E18500DBEEC1 /* Misc */,
				04A4B4F32428A9FE00AD1660 /* Main */,
				04A4B4F42428AA0800AD1660 /* Settings */,
			);
			path = Views;
			sourceTree = "<group>";
		};
/* End PBXGroup section */

/* Begin PBXNativeTarget section */
		04E320A42427603E008D1104 /* Amulet */ = {
			isa = PBXNativeTarget;
			buildConfigurationList = 04E320FE24276043008D1104 /* Build configuration list for PBXNativeTarget "Amulet" */;
			buildPhases = (
				04E320A12427603E008D1104 /* Sources */,
				04E320A22427603E008D1104 /* Frameworks */,
				04E320A32427603E008D1104 /* Resources */,
				04E320FD24276043008D1104 /* Embed Watch Content */,
			);
			buildRules = (
			);
			dependencies = (
			);
			name = Amulet;
			productName = Amulet;
			productReference = 04E320A52427603E008D1104 /* DailyCharm.app */;
			productType = "com.apple.product-type.application";
		};
/* End PBXNativeTarget section */

/* Begin PBXProject section */
		04E3209D2427603E008D1104 /* Project object */ = {
			isa = PBXProject;
			attributes = {
				LastSwiftUpdateCheck = 1130;
				LastUpgradeCheck = 1130;
				ORGANIZATIONNAME = "Andrian Sergheev";
				TargetAttributes = {
					04E320A42427603E008D1104 = {
						CreatedOnToolsVersion = 11.3.1;
					};
				};
			};
			buildConfigurationList = 04E320A02427603E008D1104 /* Build configuration list for PBXProject "Amulet" */;
			compatibilityVersion = "Xcode 9.3";
			developmentRegion = en;
			hasScannedForEncodings = 0;
			knownRegions = (
				en,
				Base,
			);
			mainGroup = 04E3209C2427603E008D1104;
			productRefGroup = 04E320A62427603E008D1104 /* Products */;
			projectDirPath = "";
			projectRoot = "";
			targets = (
				04E320A42427603E008D1104 /* Amulet */,
			);
		};
/* End PBXProject section */

/* Begin PBXResourcesBuildPhase section */
		04E320A32427603E008D1104 /* Resources */ = {
			isa = PBXResourcesBuildPhase;
			buildActionMask = 2147483647;
			files = (
				04B3BC79243487440009D83D /* Images.xcassets in Resources */,
				04E320B524276042008D1104 /* LaunchScreen.storyboard in Resources */,
				0488E247242B5EA00028E62C /* AmuletMock.json in Resources */,
			);
			runOnlyForDeploymentPostprocessing = 0;
		};
/* End PBXResourcesBuildPhase section */

/* Begin PBXSourcesBuildPhase section */
		04E320A12427603E008D1104 /* Sources */ = {
			isa = PBXSourcesBuildPhase;
			buildActionMask = 2147483647;
			files = (
				04FE7F8524309D320023C1F5 /* UIApplication+Ext.swift in Sources */,
				048B9DAE2433290E004B127B /* DetailCellView.swift in Sources */,
				048B9DB024332981004B127B /* SettingCellView.swift in Sources */,
				047E90D7242DEAEE00D7FAAE /* View+Ext.swift in Sources */,
				04A4B4F62428AA2700AD1660 /* SettingsView.swift in Sources */,
				044825E42428E99B008002AB /* DetailView.swift in Sources */,
				0484527D2427D40800DBEEC1 /* MainViewModel.swift in Sources */,
				048452A02427E19800DBEEC1 /* NeumorphicButtonStyle.swift in Sources */,
				047E90DA242DEE6100D7FAAE /* Feedback.swift in Sources */,
				044825E62428EC91008002AB /* Environment+Ext.swift in Sources */,
				0460D2CC28CD03DC00FA0D18 /* AnyPublisher+Create.swift in Sources */,
				047E90DE242DFEE000D7FAAE /* Spinner.swift in Sources */,
				0488E243242B5ABF0028E62C /* Charm.swift in Sources */,
				046919A724322E120060BA4B /* GradientView.swift in Sources */,
				046919A524322B050060BA4B /* IntentionView.swift in Sources */,
				048B9DAC243327CF004B127B /* CancelButtonView.swift in Sources */,
				042691DD242CA8810005CFC0 /* Current.swift in Sources */,
				0488E249242B988E0028E62C /* AmuletBaseURL.swift in Sources */,
				04E320A92427603E008D1104 /* AppDelegate.swift in Sources */,
				047E90E2242E425B00D7FAAE /* ViewControllerRepresentable.swift in Sources */,
				0488E241242B52A70028E62C /* AmuletAPI.swift in Sources */,
				0484527B2427731A00DBEEC1 /* AmuletConstants.swift in Sources */,
				0488E245242B5BBF0028E62C /* DetailViewModel.swift in Sources */,
				04E320AB2427603E008D1104 /* SceneDelegate.swift in Sources */,
				047E90E4242E452D00D7FAAE /* AppSettings.swift in Sources */,
				047E90DC242DEE8000D7FAAE /* System.swift in Sources */,
				04E320AD2427603E008D1104 /* MainView.swift in Sources */,
				047E90E0242E390A00D7FAAE /* Date+Ext.swift in Sources */,
				04FE7F872430D3EA0023C1F5 /* SettingsViewModel.swift in Sources */,
			);
			runOnlyForDeploymentPostprocessing = 0;
		};
/* End PBXSourcesBuildPhase section */

/* Begin PBXVariantGroup section */
		04E320B324276042008D1104 /* LaunchScreen.storyboard */ = {
			isa = PBXVariantGroup;
			children = (
				04E320B424276042008D1104 /* Base */,
			);
			name = LaunchScreen.storyboard;
			sourceTree = "<group>";
		};
/* End PBXVariantGroup section */

/* Begin XCBuildConfiguration section */
		04E320F424276043008D1104 /* Debug */ = {
			isa = XCBuildConfiguration;
			buildSettings = {
				ALWAYS_SEARCH_USER_PATHS = NO;
				CLANG_ANALYZER_NONNULL = YES;
				CLANG_ANALYZER_NUMBER_OBJECT_CONVERSION = YES_AGGRESSIVE;
				CLANG_CXX_LANGUAGE_STANDARD = "gnu++14";
				CLANG_CXX_LIBRARY = "libc++";
				CLANG_ENABLE_MODULES = YES;
				CLANG_ENABLE_OBJC_ARC = YES;
				CLANG_ENABLE_OBJC_WEAK = YES;
				CLANG_WARN_BLOCK_CAPTURE_AUTORELEASING = YES;
				CLANG_WARN_BOOL_CONVERSION = YES;
				CLANG_WARN_COMMA = YES;
				CLANG_WARN_CONSTANT_CONVERSION = YES;
				CLANG_WARN_DEPRECATED_OBJC_IMPLEMENTATIONS = YES;
				CLANG_WARN_DIRECT_OBJC_ISA_USAGE = YES_ERROR;
				CLANG_WARN_DOCUMENTATION_COMMENTS = YES;
				CLANG_WARN_EMPTY_BODY = YES;
				CLANG_WARN_ENUM_CONVERSION = YES;
				CLANG_WARN_INFINITE_RECURSION = YES;
				CLANG_WARN_INT_CONVERSION = YES;
				CLANG_WARN_NON_LITERAL_NULL_CONVERSION = YES;
				CLANG_WARN_OBJC_IMPLICIT_RETAIN_SELF = YES;
				CLANG_WARN_OBJC_LITERAL_CONVERSION = YES;
				CLANG_WARN_OBJC_ROOT_CLASS = YES_ERROR;
				CLANG_WARN_RANGE_LOOP_ANALYSIS = YES;
				CLANG_WARN_STRICT_PROTOTYPES = YES;
				CLANG_WARN_SUSPICIOUS_MOVE = YES;
				CLANG_WARN_UNGUARDED_AVAILABILITY = YES_AGGRESSIVE;
				CLANG_WARN_UNREACHABLE_CODE = YES;
				CLANG_WARN__DUPLICATE_METHOD_MATCH = YES;
				COPY_PHASE_STRIP = NO;
				DEBUG_INFORMATION_FORMAT = "dwarf-with-dsym";
				ENABLE_STRICT_OBJC_MSGSEND = YES;
				ENABLE_TESTABILITY = YES;
				GCC_C_LANGUAGE_STANDARD = gnu11;
				GCC_DYNAMIC_NO_PIC = NO;
				GCC_NO_COMMON_BLOCKS = YES;
				GCC_OPTIMIZATION_LEVEL = 0;
				GCC_PREPROCESSOR_DEFINITIONS = (
					"DEBUG=1",
					"$(inherited)",
				);
				GCC_WARN_64_TO_32_BIT_CONVERSION = YES;
				GCC_WARN_ABOUT_RETURN_TYPE = YES_ERROR;
				GCC_WARN_UNDECLARED_SELECTOR = YES;
				GCC_WARN_UNINITIALIZED_AUTOS = YES_AGGRESSIVE;
				GCC_WARN_UNUSED_FUNCTION = YES;
				GCC_WARN_UNUSED_VARIABLE = YES;
				IPHONEOS_DEPLOYMENT_TARGET = 13.2;
				MTL_ENABLE_DEBUG_INFO = INCLUDE_SOURCE;
				MTL_FAST_MATH = YES;
				ONLY_ACTIVE_ARCH = YES;
				SDKROOT = iphoneos;
				SWIFT_ACTIVE_COMPILATION_CONDITIONS = DEBUG;
				SWIFT_OPTIMIZATION_LEVEL = "-Onone";
			};
			name = Debug;
		};
		04E320F524276043008D1104 /* Release */ = {
			isa = XCBuildConfiguration;
			buildSettings = {
				ALWAYS_SEARCH_USER_PATHS = NO;
				CLANG_ANALYZER_NONNULL = YES;
				CLANG_ANALYZER_NUMBER_OBJECT_CONVERSION = YES_AGGRESSIVE;
				CLANG_CXX_LANGUAGE_STANDARD = "gnu++14";
				CLANG_CXX_LIBRARY = "libc++";
				CLANG_ENABLE_MODULES = YES;
				CLANG_ENABLE_OBJC_ARC = YES;
				CLANG_ENABLE_OBJC_WEAK = YES;
				CLANG_WARN_BLOCK_CAPTURE_AUTORELEASING = YES;
				CLANG_WARN_BOOL_CONVERSION = YES;
				CLANG_WARN_COMMA = YES;
				CLANG_WARN_CONSTANT_CONVERSION = YES;
				CLANG_WARN_DEPRECATED_OBJC_IMPLEMENTATIONS = YES;
				CLANG_WARN_DIRECT_OBJC_ISA_USAGE = YES_ERROR;
				CLANG_WARN_DOCUMENTATION_COMMENTS = YES;
				CLANG_WARN_EMPTY_BODY = YES;
				CLANG_WARN_ENUM_CONVERSION = YES;
				CLANG_WARN_INFINITE_RECURSION = YES;
				CLANG_WARN_INT_CONVERSION = YES;
				CLANG_WARN_NON_LITERAL_NULL_CONVERSION = YES;
				CLANG_WARN_OBJC_IMPLICIT_RETAIN_SELF = YES;
				CLANG_WARN_OBJC_LITERAL_CONVERSION = YES;
				CLANG_WARN_OBJC_ROOT_CLASS = YES_ERROR;
				CLANG_WARN_RANGE_LOOP_ANALYSIS = YES;
				CLANG_WARN_STRICT_PROTOTYPES = YES;
				CLANG_WARN_SUSPICIOUS_MOVE = YES;
				CLANG_WARN_UNGUARDED_AVAILABILITY = YES_AGGRESSIVE;
				CLANG_WARN_UNREACHABLE_CODE = YES;
				CLANG_WARN__DUPLICATE_METHOD_MATCH = YES;
				COPY_PHASE_STRIP = NO;
				DEBUG_INFORMATION_FORMAT = "dwarf-with-dsym";
				ENABLE_NS_ASSERTIONS = NO;
				ENABLE_STRICT_OBJC_MSGSEND = YES;
				GCC_C_LANGUAGE_STANDARD = gnu11;
				GCC_NO_COMMON_BLOCKS = YES;
				GCC_WARN_64_TO_32_BIT_CONVERSION = YES;
				GCC_WARN_ABOUT_RETURN_TYPE = YES_ERROR;
				GCC_WARN_UNDECLARED_SELECTOR = YES;
				GCC_WARN_UNINITIALIZED_AUTOS = YES_AGGRESSIVE;
				GCC_WARN_UNUSED_FUNCTION = YES;
				GCC_WARN_UNUSED_VARIABLE = YES;
				IPHONEOS_DEPLOYMENT_TARGET = 13.2;
				MTL_ENABLE_DEBUG_INFO = NO;
				MTL_FAST_MATH = YES;
				SDKROOT = iphoneos;
				SWIFT_COMPILATION_MODE = wholemodule;
				SWIFT_OPTIMIZATION_LEVEL = "-O";
				VALIDATE_PRODUCT = YES;
			};
			name = Release;
		};
		04E320FF24276043008D1104 /* Debug */ = {
			isa = XCBuildConfiguration;
			buildSettings = {
				ASSETCATALOG_COMPILER_APPICON_NAME = AppIcon;
				CODE_SIGN_IDENTITY = "Apple Development";
				CODE_SIGN_STYLE = Automatic;
				CURRENT_PROJECT_VERSION = 3;
				DEVELOPMENT_ASSET_PATHS = "";
				DEVELOPMENT_TEAM = SZ6SDPY725;
				ENABLE_PREVIEWS = YES;
				INFOPLIST_FILE = Amulet/SupportingFiles/Info.plist;
				LD_RUNPATH_SEARCH_PATHS = (
					"$(inherited)",
					"@executable_path/Frameworks",
				);
				PRODUCT_BUNDLE_IDENTIFIER = "com.blue-red.Amulet";
				PRODUCT_NAME = DailyCharm;
				PROVISIONING_PROFILE_SPECIFIER = "";
				SWIFT_VERSION = 5.0;
				TARGETED_DEVICE_FAMILY = 1;
			};
			name = Debug;
		};
		04E3210024276043008D1104 /* Release */ = {
			isa = XCBuildConfiguration;
			buildSettings = {
				ASSETCATALOG_COMPILER_APPICON_NAME = AppIcon;
				CODE_SIGN_IDENTITY = "Apple Development";
				CODE_SIGN_STYLE = Automatic;
				CURRENT_PROJECT_VERSION = 3;
				DEVELOPMENT_ASSET_PATHS = "";
				DEVELOPMENT_TEAM = SZ6SDPY725;
				ENABLE_PREVIEWS = YES;
				INFOPLIST_FILE = Amulet/SupportingFiles/Info.plist;
				LD_RUNPATH_SEARCH_PATHS = (
					"$(inherited)",
					"@executable_path/Frameworks",
				);
				PRODUCT_BUNDLE_IDENTIFIER = "com.blue-red.Amulet";
				PRODUCT_NAME = DailyCharm;
				PROVISIONING_PROFILE_SPECIFIER = "";
				SWIFT_VERSION = 5.0;
				TARGETED_DEVICE_FAMILY = 1;
			};
			name = Release;
		};
/* End XCBuildConfiguration section */

/* Begin XCConfigurationList section */
		04E320A02427603E008D1104 /* Build configuration list for PBXProject "Amulet" */ = {
			isa = XCConfigurationList;
			buildConfigurations = (
				04E320F424276043008D1104 /* Debug */,
				04E320F524276043008D1104 /* Release */,
			);
			defaultConfigurationIsVisible = 0;
			defaultConfigurationName = Release;
		};
		04E320FE24276043008D1104 /* Build configuration list for PBXNativeTarget "Amulet" */ = {
			isa = XCConfigurationList;
			buildConfigurations = (
				04E320FF24276043008D1104 /* Debug */,
				04E3210024276043008D1104 /* Release */,
			);
			defaultConfigurationIsVisible = 0;
			defaultConfigurationName = Release;
		};
/* End XCConfigurationList section */
	};
	rootObject = 04E3209D2427603E008D1104 /* Project object */;
}
